
Microsoft Visual Studio Solution File, Format Version 12.00
Project("{FAE04EC0-301F-11D3-BF4B-00C04F79EFBC}") = "APBD06", "APBD06.csproj", "{224D490A-95B0-4F44-B471-04EB5366E959}"
EndProject
Global
	GlobalSection(SolutionConfigurationPlatforms) = preSolution
		Debug|Any CPU = Debug|Any CPU
		Release|Any CPU = Release|Any CPU
	EndGlobalSection
	GlobalSection(ProjectConfigurationPlatforms) = postSolution
		{224D490A-95B0-4F44-B471-04EB5366E959}.Debug|Any CPU.ActiveCfg = Debug|Any CPU
		{224D490A-95B0-4F44-B471-04EB5366E959}.Debug|Any CPU.Build.0 = Debug|Any CPU
		{224D490A-95B0-4F44-B471-04EB5366E959}.Release|Any CPU.ActiveCfg = Release|Any CPU
		{224D490A-95B0-4F44-B471-04EB5366E959}.Release|Any CPU.Build.0 = Release|Any CPU
	EndGlobalSection
EndGlobal
